// !$*UTF8*$!
{
	archiveVersion = 1;
	classes = {
	};
	objectVersion = 46;
	objects = {

/* Begin PBXBuildFile section */
		4663D9590C6393A052D41EBC /* Pods_MucketList.framework in Frameworks */ = {isa = PBXBuildFile; fileRef = 383BFFB754CA6A82D1829AC3 /* Pods_MucketList.framework */; };
		6F7420951EBB8309001F4AC6 /* ContentsViewController.swift in Sources */ = {isa = PBXBuildFile; fileRef = 6F7420941EBB8309001F4AC6 /* ContentsViewController.swift */; };
		6F95B7A11EBB2E0E0038E11A /* AppDelegate.swift in Sources */ = {isa = PBXBuildFile; fileRef = 6F95B7A01EBB2E0E0038E11A /* AppDelegate.swift */; };
		6F95B7A31EBB2E0E0038E11A /* CameraAlbumView.swift in Sources */ = {isa = PBXBuildFile; fileRef = 6F95B7A21EBB2E0E0038E11A /* CameraAlbumView.swift */; };
		6F95B7A61EBB2E0E0038E11A /* Main.storyboard in Resources */ = {isa = PBXBuildFile; fileRef = 6F95B7A41EBB2E0E0038E11A /* Main.storyboard */; };
		6F95B7A81EBB2E0E0038E11A /* Assets.xcassets in Resources */ = {isa = PBXBuildFile; fileRef = 6F95B7A71EBB2E0E0038E11A /* Assets.xcassets */; };
		6F95B7AB1EBB2E0E0038E11A /* LaunchScreen.storyboard in Resources */ = {isa = PBXBuildFile; fileRef = 6F95B7A91EBB2E0E0038E11A /* LaunchScreen.storyboard */; };
		6F95B7B61EBB31B90038E11A /* CameraAlbumSelectPresenter.swift in Sources */ = {isa = PBXBuildFile; fileRef = 6F95B7B51EBB31B90038E11A /* CameraAlbumSelectPresenter.swift */; };
		6F95B7B81EBB37CC0038E11A /* PhotoInfo.swift in Sources */ = {isa = PBXBuildFile; fileRef = 6F95B7B71EBB37CC0038E11A /* PhotoInfo.swift */; };
/* End PBXBuildFile section */

/* Begin PBXFileReference section */
		383BFFB754CA6A82D1829AC3 /* Pods_MucketList.framework */ = {isa = PBXFileReference; explicitFileType = wrapper.framework; includeInIndex = 0; path = Pods_MucketList.framework; sourceTree = BUILT_PRODUCTS_DIR; };
		6F7420941EBB8309001F4AC6 /* ContentsViewController.swift */ = {isa = PBXFileReference; fileEncoding = 4; lastKnownFileType = sourcecode.swift; path = ContentsViewController.swift; sourceTree = "<group>"; };
		6F95B79D1EBB2E0E0038E11A /* MucketList.app */ = {isa = PBXFileReference; explicitFileType = wrapper.application; includeInIndex = 0; path = MucketList.app; sourceTree = BUILT_PRODUCTS_DIR; };
		6F95B7A01EBB2E0E0038E11A /* AppDelegate.swift */ = {isa = PBXFileReference; lastKnownFileType = sourcecode.swift; path = AppDelegate.swift; sourceTree = "<group>"; };
		6F95B7A21EBB2E0E0038E11A /* CameraAlbumView.swift */ = {isa = PBXFileReference; lastKnownFileType = sourcecode.swift; path = CameraAlbumView.swift; sourceTree = "<group>"; };
		6F95B7A51EBB2E0E0038E11A /* Base */ = {isa = PBXFileReference; lastKnownFileType = file.storyboard; name = Base; path = Base.lproj/Main.storyboard; sourceTree = "<group>"; };
		6F95B7A71EBB2E0E0038E11A /* Assets.xcassets */ = {isa = PBXFileReference; lastKnownFileType = folder.assetcatalog; path = Assets.xcassets; sourceTree = "<group>"; };
		6F95B7AA1EBB2E0E0038E11A /* Base */ = {isa = PBXFileReference; lastKnownFileType = file.storyboard; name = Base; path = Base.lproj/LaunchScreen.storyboard; sourceTree = "<group>"; };
		6F95B7AC1EBB2E0E0038E11A /* Info.plist */ = {isa = PBXFileReference; lastKnownFileType = text.plist.xml; path = Info.plist; sourceTree = "<group>"; };
		6F95B7B51EBB31B90038E11A /* CameraAlbumSelectPresenter.swift */ = {isa = PBXFileReference; fileEncoding = 4; lastKnownFileType = sourcecode.swift; path = CameraAlbumSelectPresenter.swift; sourceTree = "<group>"; };
		6F95B7B71EBB37CC0038E11A /* PhotoInfo.swift */ = {isa = PBXFileReference; fileEncoding = 4; lastKnownFileType = sourcecode.swift; path = PhotoInfo.swift; sourceTree = "<group>"; };
		A7012CEAF44E99160D9BE678 /* Pods-MucketList.debug.xcconfig */ = {isa = PBXFileReference; includeInIndex = 1; lastKnownFileType = text.xcconfig; name = "Pods-MucketList.debug.xcconfig"; path = "Pods/Target Support Files/Pods-MucketList/Pods-MucketList.debug.xcconfig"; sourceTree = "<group>"; };
		D0450ADFB470761EDEFFB792 /* Pods-MucketList.release.xcconfig */ = {isa = PBXFileReference; includeInIndex = 1; lastKnownFileType = text.xcconfig; name = "Pods-MucketList.release.xcconfig"; path = "Pods/Target Support Files/Pods-MucketList/Pods-MucketList.release.xcconfig"; sourceTree = "<group>"; };
/* End PBXFileReference section */

/* Begin PBXFrameworksBuildPhase section */
		6F95B79A1EBB2E0E0038E11A /* Frameworks */ = {
			isa = PBXFrameworksBuildPhase;
			buildActionMask = 2147483647;
			files = (
				4663D9590C6393A052D41EBC /* Pods_MucketList.framework in Frameworks */,
			);
			runOnlyForDeploymentPostprocessing = 0;
		};
/* End PBXFrameworksBuildPhase section */

/* Begin PBXGroup section */
		6F95B7941EBB2E0E0038E11A = {
			isa = PBXGroup;
			children = (
				6F95B79F1EBB2E0E0038E11A /* MucketList */,
				6F95B79E1EBB2E0E0038E11A /* Products */,
				BFE60146541C266E160B6694 /* Pods */,
				EDB4A91BA13B49AAA0C91979 /* Frameworks */,
			);
			sourceTree = "<group>";
		};
		6F95B79E1EBB2E0E0038E11A /* Products */ = {
			isa = PBXGroup;
			children = (
				6F95B79D1EBB2E0E0038E11A /* MucketList.app */,
			);
			name = Products;
			sourceTree = "<group>";
		};
		6F95B79F1EBB2E0E0038E11A /* MucketList */ = {
			isa = PBXGroup;
			children = (
				6F95B7B41EBB2E1E0038E11A /* Presenter */,
				6F95B7B31EBB2E180038E11A /* View */,
				6F95B7B21EBB2E130038E11A /* Model */,
				6F95B7A01EBB2E0E0038E11A /* AppDelegate.swift */,
				6F95B7A71EBB2E0E0038E11A /* Assets.xcassets */,
				6F95B7A91EBB2E0E0038E11A /* LaunchScreen.storyboard */,
				6F95B7AC1EBB2E0E0038E11A /* Info.plist */,
			);
			path = MucketList;
			sourceTree = "<group>";
		};
		6F95B7B21EBB2E130038E11A /* Model */ = {
			isa = PBXGroup;
			children = (
				6F95B7B71EBB37CC0038E11A /* PhotoInfo.swift */,
			);
			name = Model;
			sourceTree = "<group>";
		};
		6F95B7B31EBB2E180038E11A /* View */ = {
			isa = PBXGroup;
			children = (
				6F95B7A21EBB2E0E0038E11A /* CameraAlbumView.swift */,
				6F95B7A41EBB2E0E0038E11A /* Main.storyboard */,
				6F7420941EBB8309001F4AC6 /* ContentsViewController.swift */,
			);
			name = View;
			sourceTree = "<group>";
		};
		6F95B7B41EBB2E1E0038E11A /* Presenter */ = {
			isa = PBXGroup;
			children = (
				6F95B7B51EBB31B90038E11A /* CameraAlbumSelectPresenter.swift */,
			);
			name = Presenter;
			sourceTree = "<group>";
		};
		BFE60146541C266E160B6694 /* Pods */ = {
			isa = PBXGroup;
			children = (
				A7012CEAF44E99160D9BE678 /* Pods-MucketList.debug.xcconfig */,
				D0450ADFB470761EDEFFB792 /* Pods-MucketList.release.xcconfig */,
			);
			name = Pods;
			sourceTree = "<group>";
		};
		EDB4A91BA13B49AAA0C91979 /* Frameworks */ = {
			isa = PBXGroup;
			children = (
				383BFFB754CA6A82D1829AC3 /* Pods_MucketList.framework */,
			);
			name = Frameworks;
			sourceTree = "<group>";
		};
/* End PBXGroup section */

/* Begin PBXNativeTarget section */
		6F95B79C1EBB2E0E0038E11A /* MucketList */ = {
			isa = PBXNativeTarget;
			buildConfigurationList = 6F95B7AF1EBB2E0E0038E11A /* Build configuration list for PBXNativeTarget "MucketList" */;
			buildPhases = (
				CECC6776496EACAE2D961F50 /* [CP] Check Pods Manifest.lock */,
				6F95B7991EBB2E0E0038E11A /* Sources */,
				6F95B79A1EBB2E0E0038E11A /* Frameworks */,
				6F95B79B1EBB2E0E0038E11A /* Resources */,
				CBE37C038C99949C7E087959 /* [CP] Embed Pods Frameworks */,
				4D7E8577170CCA7B7B571A5B /* [CP] Copy Pods Resources */,
			);
			buildRules = (
			);
			dependencies = (
			);
			name = MucketList;
			productName = MucketList;
			productReference = 6F95B79D1EBB2E0E0038E11A /* MucketList.app */;
			productType = "com.apple.product-type.application";
		};
/* End PBXNativeTarget section */

/* Begin PBXProject section */
		6F95B7951EBB2E0E0038E11A /* Project object */ = {
			isa = PBXProject;
			attributes = {
				LastSwiftUpdateCheck = 0830;
				LastUpgradeCheck = 0830;
				ORGANIZATIONNAME = YoungsooHan;
				TargetAttributes = {
					6F95B79C1EBB2E0E0038E11A = {
						CreatedOnToolsVersion = 8.3.2;
						DevelopmentTeam = 5AF2J46QXC;
						ProvisioningStyle = Automatic;
					};
				};
			};
			buildConfigurationList = 6F95B7981EBB2E0E0038E11A /* Build configuration list for PBXProject "MucketList" */;
			compatibilityVersion = "Xcode 3.2";
			developmentRegion = English;
			hasScannedForEncodings = 0;
			knownRegions = (
				en,
				Base,
			);
			mainGroup = 6F95B7941EBB2E0E0038E11A;
			productRefGroup = 6F95B79E1EBB2E0E0038E11A /* Products */;
			projectDirPath = "";
			projectRoot = "";
			targets = (
				6F95B79C1EBB2E0E0038E11A /* MucketList */,
			);
		};
/* End PBXProject section */

/* Begin PBXResourcesBuildPhase section */
		6F95B79B1EBB2E0E0038E11A /* Resources */ = {
			isa = PBXResourcesBuildPhase;
			buildActionMask = 2147483647;
			files = (
				6F95B7AB1EBB2E0E0038E11A /* LaunchScreen.storyboard in Resources */,
				6F95B7A81EBB2E0E0038E11A /* Assets.xcassets in Resources */,
				6F95B7A61EBB2E0E0038E11A /* Main.storyboard in Resources */,
			);
			runOnlyForDeploymentPostprocessing = 0;
		};
/* End PBXResourcesBuildPhase section */

/* Begin PBXShellScriptBuildPhase section */
		4D7E8577170CCA7B7B571A5B /* [CP] Copy Pods Resources */ = {
			isa = PBXShellScriptBuildPhase;
			buildActionMask = 2147483647;
			files = (
			);
			inputPaths = (
			);
			name = "[CP] Copy Pods Resources";
			outputPaths = (
			);
			runOnlyForDeploymentPostprocessing = 0;
			shellPath = /bin/sh;
			shellScript = "\"${SRCROOT}/Pods/Target Support Files/Pods-MucketList/Pods-MucketList-resources.sh\"\n";
			showEnvVarsInLog = 0;
		};
		CBE37C038C99949C7E087959 /* [CP] Embed Pods Frameworks */ = {
			isa = PBXShellScriptBuildPhase;
			buildActionMask = 2147483647;
			files = (
			);
			inputPaths = (
			);
			name = "[CP] Embed Pods Frameworks";
			outputPaths = (
			);
			runOnlyForDeploymentPostprocessing = 0;
			shellPath = /bin/sh;
			shellScript = "\"${SRCROOT}/Pods/Target Support Files/Pods-MucketList/Pods-MucketList-frameworks.sh\"\n";
			showEnvVarsInLog = 0;
		};
		CECC6776496EACAE2D961F50 /* [CP] Check Pods Manifest.lock */ = {
			isa = PBXShellScriptBuildPhase;
			buildActionMask = 2147483647;
			files = (
			);
			inputPaths = (
			);
			name = "[CP] Check Pods Manifest.lock";
			outputPaths = (
			);
			runOnlyForDeploymentPostprocessing = 0;
			shellPath = /bin/sh;
			shellScript = "diff \"${PODS_PODFILE_DIR_PATH}/Podfile.lock\" \"${PODS_ROOT}/Manifest.lock\" > /dev/null\nif [ $? != 0 ] ; then\n    # print error to STDERR\n    echo \"error: The sandbox is not in sync with the Podfile.lock. Run 'pod install' or update your CocoaPods installation.\" >&2\n    exit 1\nfi\n";
			showEnvVarsInLog = 0;
		};
/* End PBXShellScriptBuildPhase section */

/* Begin PBXSourcesBuildPhase section */
		6F95B7991EBB2E0E0038E11A /* Sources */ = {
			isa = PBXSourcesBuildPhase;
			buildActionMask = 2147483647;
			files = (
				6F95B7B81EBB37CC0038E11A /* PhotoInfo.swift in Sources */,
				6F95B7B61EBB31B90038E11A /* CameraAlbumSelectPresenter.swift in Sources */,
				6F95B7A31EBB2E0E0038E11A /* CameraAlbumView.swift in Sources */,
				6F95B7A11EBB2E0E0038E11A /* AppDelegate.swift in Sources */,
				6F7420951EBB8309001F4AC6 /* ContentsViewController.swift in Sources */,
			);
			runOnlyForDeploymentPostprocessing = 0;
		};
/* End PBXSourcesBuildPhase section */

/* Begin PBXVariantGroup section */
		6F95B7A41EBB2E0E0038E11A /* Main.storyboard */ = {
			isa = PBXVariantGroup;
			children = (
				6F95B7A51EBB2E0E0038E11A /* Base */,
			);
			name = Main.storyboard;
			sourceTree = "<group>";
		};
		6F95B7A91EBB2E0E0038E11A /* LaunchScreen.storyboard */ = {
			isa = PBXVariantGroup;
			children = (
				6F95B7AA1EBB2E0E0038E11A /* Base */,
			);
			name = LaunchScreen.storyboard;
			sourceTree = "<group>";
		};
/* End PBXVariantGroup section */

/* Begin XCBuildConfiguration section */
		6F95B7AD1EBB2E0E0038E11A /* Debug */ = {
			isa = XCBuildConfiguration;
			buildSettings = {
				ALWAYS_SEARCH_USER_PATHS = NO;
				CLANG_ANALYZER_NONNULL = YES;
				CLANG_ANALYZER_NUMBER_OBJECT_CONVERSION = YES_AGGRESSIVE;
				CLANG_CXX_LANGUAGE_STANDARD = "gnu++0x";
				CLANG_CXX_LIBRARY = "libc++";
				CLANG_ENABLE_MODULES = YES;
				CLANG_ENABLE_OBJC_ARC = YES;
				CLANG_WARN_BOOL_CONVERSION = YES;
				CLANG_WARN_CONSTANT_CONVERSION = YES;
				CLANG_WARN_DIRECT_OBJC_ISA_USAGE = YES_ERROR;
				CLANG_WARN_DOCUMENTATION_COMMENTS = YES;
				CLANG_WARN_EMPTY_BODY = YES;
				CLANG_WARN_ENUM_CONVERSION = YES;
				CLANG_WARN_INFINITE_RECURSION = YES;
				CLANG_WARN_INT_CONVERSION = YES;
				CLANG_WARN_OBJC_ROOT_CLASS = YES_ERROR;
				CLANG_WARN_SUSPICIOUS_MOVE = YES;
				CLANG_WARN_UNREACHABLE_CODE = YES;
				CLANG_WARN__DUPLICATE_METHOD_MATCH = YES;
				"CODE_SIGN_IDENTITY[sdk=iphoneos*]" = "iPhone Developer";
				COPY_PHASE_STRIP = NO;
				DEBUG_INFORMATION_FORMAT = dwarf;
				ENABLE_STRICT_OBJC_MSGSEND = YES;
				ENABLE_TESTABILITY = YES;
				GCC_C_LANGUAGE_STANDARD = gnu99;
				GCC_DYNAMIC_NO_PIC = NO;
				GCC_NO_COMMON_BLOCKS = YES;
				GCC_OPTIMIZATION_LEVEL = 0;
				GCC_PREPROCESSOR_DEFINITIONS = (
					"DEBUG=1",
					"$(inherited)",
				);
				GCC_WARN_64_TO_32_BIT_CONVERSION = YES;
				GCC_WARN_ABOUT_RETURN_TYPE = YES_ERROR;
				GCC_WARN_UNDECLARED_SELECTOR = YES;
				GCC_WARN_UNINITIALIZED_AUTOS = YES_AGGRESSIVE;
				GCC_WARN_UNUSED_FUNCTION = YES;
				GCC_WARN_UNUSED_VARIABLE = YES;
				IPHONEOS_DEPLOYMENT_TARGET = 10.3;
				MTL_ENABLE_DEBUG_INFO = YES;
				ONLY_ACTIVE_ARCH = YES;
				SDKROOT = iphoneos;
				SWIFT_ACTIVE_COMPILATION_CONDITIONS = DEBUG;
				SWIFT_OPTIMIZATION_LEVEL = "-Onone";
			};
			name = Debug;
		};
		6F95B7AE1EBB2E0E0038E11A /* Release */ = {
			isa = XCBuildConfiguration;
			buildSettings = {
				ALWAYS_SEARCH_USER_PATHS = NO;
				CLANG_ANALYZER_NONNULL = YES;
				CLANG_ANALYZER_NUMBER_OBJECT_CONVERSION = YES_AGGRESSIVE;
				CLANG_CXX_LANGUAGE_STANDARD = "gnu++0x";
				CLANG_CXX_LIBRARY = "libc++";
				CLANG_ENABLE_MODULES = YES;
				CLANG_ENABLE_OBJC_ARC = YES;
				CLANG_WARN_BOOL_CONVERSION = YES;
				CLANG_WARN_CONSTANT_CONVERSION = YES;
				CLANG_WARN_DIRECT_OBJC_ISA_USAGE = YES_ERROR;
				CLANG_WARN_DOCUMENTATION_COMMENTS = YES;
				CLANG_WARN_EMPTY_BODY = YES;
				CLANG_WARN_ENUM_CONVERSION = YES;
				CLANG_WARN_INFINITE_RECURSION = YES;
				CLANG_WARN_INT_CONVERSION = YES;
				CLANG_WARN_OBJC_ROOT_CLASS = YES_ERROR;
				CLANG_WARN_SUSPICIOUS_MOVE = YES;
				CLANG_WARN_UNREACHABLE_CODE = YES;
				CLANG_WARN__DUPLICATE_METHOD_MATCH = YES;
				"CODE_SIGN_IDENTITY[sdk=iphoneos*]" = "iPhone Developer";
				COPY_PHASE_STRIP = NO;
				DEBUG_INFORMATION_FORMAT = "dwarf-with-dsym";
				ENABLE_NS_ASSERTIONS = NO;
				ENABLE_STRICT_OBJC_MSGSEND = YES;
				GCC_C_LANGUAGE_STANDARD = gnu99;
				GCC_NO_COMMON_BLOCKS = YES;
				GCC_WARN_64_TO_32_BIT_CONVERSION = YES;
				GCC_WARN_ABOUT_RETURN_TYPE = YES_ERROR;
				GCC_WARN_UNDECLARED_SELECTOR = YES;
				GCC_WARN_UNINITIALIZED_AUTOS = YES_AGGRESSIVE;
				GCC_WARN_UNUSED_FUNCTION = YES;
				GCC_WARN_UNUSED_VARIABLE = YES;
				IPHONEOS_DEPLOYMENT_TARGET = 10.3;
				MTL_ENABLE_DEBUG_INFO = NO;
				SDKROOT = iphoneos;
				SWIFT_OPTIMIZATION_LEVEL = "-Owholemodule";
				VALIDATE_PRODUCT = YES;
			};
			name = Release;
		};
		6F95B7B01EBB2E0E0038E11A /* Debug */ = {
			isa = XCBuildConfiguration;
			baseConfigurationReference = A7012CEAF44E99160D9BE678 /* Pods-MucketList.debug.xcconfig */;
			buildSettings = {
				ASSETCATALOG_COMPILER_APPICON_NAME = AppIcon;
				DEVELOPMENT_TEAM = 5AF2J46QXC;
				INFOPLIST_FILE = MucketList/Info.plist;
				LD_RUNPATH_SEARCH_PATHS = "$(inherited) @executable_path/Frameworks";
				PRODUCT_BUNDLE_IDENTIFIER = com.hys.developer.MucketList;
				PRODUCT_NAME = "$(TARGET_NAME)";
				SWIFT_VERSION = 3.0;
			};
			name = Debug;
		};
		6F95B7B11EBB2E0E0038E11A /* Release */ = {
			isa = XCBuildConfiguration;
			baseConfigurationReference = D0450ADFB470761EDEFFB792 /* Pods-MucketList.release.xcconfig */;
			buildSettings = {
				ASSETCATALOG_COMPILER_APPICON_NAME = AppIcon;
				DEVELOPMENT_TEAM = 5AF2J46QXC;
				INFOPLIST_FILE = MucketList/Info.plist;
				LD_RUNPATH_SEARCH_PATHS = "$(inherited) @executable_path/Frameworks";
				PRODUCT_BUNDLE_IDENTIFIER = com.hys.developer.MucketList;
				PRODUCT_NAME = "$(TARGET_NAME)";
				SWIFT_VERSION = 3.0;
			};
			name = Release;
		};
/* End XCBuildConfiguration section */

/* Begin XCConfigurationList section */
		6F95B7981EBB2E0E0038E11A /* Build configuration list for PBXProject "MucketList" */ = {
			isa = XCConfigurationList;
			buildConfigurations = (
				6F95B7AD1EBB2E0E0038E11A /* Debug */,
				6F95B7AE1EBB2E0E0038E11A /* Release */,
			);
			defaultConfigurationIsVisible = 0;
			defaultConfigurationName = Release;
		};
		6F95B7AF1EBB2E0E0038E11A /* Build configuration list for PBXNativeTarget "MucketList" */ = {
			isa = XCConfigurationList;
			buildConfigurations = (
				6F95B7B01EBB2E0E0038E11A /* Debug */,
				6F95B7B11EBB2E0E0038E11A /* Release */,
			);
			defaultConfigurationIsVisible = 0;
			defaultConfigurationName = Release;
		};
/* End XCConfigurationList section */
	};
	rootObject = 6F95B7951EBB2E0E0038E11A /* Project object */;
}
